
Microsoft Visual Studio Solution File, Format Version 12.00
# Visual Studio 15
VisualStudioVersion = 15.0.28307.421
MinimumVisualStudioVersion = 10.0.40219.1
Project("{8BC9CEB8-8B4A-11D0-8D11-00A0C91BC942}") = "ValueLabsAssignment", "ValueLabsAssignment\ValueLabsAssignment.vcxproj", "{D5F273E4-9DFC-4A1A-A30F-07F56783967E}"
EndProject
Global
	GlobalSection(SolutionConfigurationPlatforms) = preSolution
		Debug|x64 = Debug|x64
		Debug|x86 = Debug|x86
		Release|x64 = Release|x64
		Release|x86 = Release|x86
	EndGlobalSection
	GlobalSection(ProjectConfigurationPlatforms) = postSolution
		{D5F273E4-9DFC-4A1A-A30F-07F56783967E}.Debug|x64.ActiveCfg = Debug|x64
		{D5F273E4-9DFC-4A1A-A30F-07F56783967E}.Debug|x64.Build.0 = Debug|x64
		{D5F273E4-9DFC-4A1A-A30F-07F56783967E}.Debug|x86.ActiveCfg = Debug|Win32
		{D5F273E4-9DFC-4A1A-A30F-07F56783967E}.Debug|x86.Build.0 = Debug|Win32
		{D5F273E4-9DFC-4A1A-A30F-07F56783967E}.Release|x64.ActiveCfg = Release|x64
		{D5F273E4-9DFC-4A1A-A30F-07F56783967E}.Release|x64.Build.0 = Release|x64
		{D5F273E4-9DFC-4A1A-A30F-07F56783967E}.Release|x86.ActiveCfg = Release|Win32
		{D5F273E4-9DFC-4A1A-A30F-07F56783967E}.Release|x86.Build.0 = Release|Win32
	EndGlobalSection
	GlobalSection(SolutionProperties) = preSolution
		HideSolutionNode = FALSE
	EndGlobalSection
	GlobalSection(ExtensibilityGlobals) = postSolution
		SolutionGuid = {BE805C9D-D949-4686-B337-B95419201EC6}
	EndGlobalSection
EndGlobal
